
Microsoft Visual Studio Solution File, Format Version 12.00
# Visual Studio Version 16
VisualStudioVersion = 16.0.31112.23
MinimumVisualStudioVersion = 10.0.40219.1
Project("{FAE04EC0-301F-11D3-BF4B-00C04F79EFBC}") = "EggySwitch", "EggySwitch\EggySwitch.csproj", "{54C2EF3C-4A29-4C75-800A-40FD54546705}"
EndProject
Project("{9A19103F-16F7-4668-BE54-9A1E7A4F7556}") = "DevUp", "DevUp\DevUp.csproj", "{29D69AA9-11B8-480D-9675-C36B492C1406}"
EndProject
Project("{FAE04EC0-301F-11D3-BF4B-00C04F79EFBC}") = "MCUtils-Lib", "MCUtils-Lib\MCUtils-Lib.csproj", "{BA2DE923-F0AB-4E56-B7A1-F7808DFB18AB}"
EndProject
Project("{FAE04EC0-301F-11D3-BF4B-00C04F79EFBC}") = "ASCIILib", "ASCIILib\ASCIILib.csproj", "{8B7987C7-4584-4DD6-99BA-992882DC5A1E}"
EndProject
Project("{FAE04EC0-301F-11D3-BF4B-00C04F79EFBC}") = "IPApiSharp", "IPApiSharp\IPApiSharp.csproj", "{5C1431E5-2773-485B-B140-2F7FDCAAF835}"
EndProject
Project("{FAE04EC0-301F-11D3-BF4B-00C04F79EFBC}") = "RINIT", "RINIT\RINIT.csproj", "{0B341991-FD32-483E-BC8D-5BD28CE7FE6A}"
EndProject
Project("{FAE04EC0-301F-11D3-BF4B-00C04F79EFBC}") = "Watchy", "Watchy\Watchy.csproj", "{504973D2-EC90-4434-BF91-B9E302A20AEB}"
EndProject
Project("{FAE04EC0-301F-11D3-BF4B-00C04F79EFBC}") = "GitSharp", "GitSharp\GitSharp.csproj", "{94C4AEAD-E11D-404D-B649-146687779572}"
EndProject
Project("{FAE04EC0-301F-11D3-BF4B-00C04F79EFBC}") = "MCLogsSharp", "MCLogsSharp\MCLogsSharp.csproj", "{1BFC872C-2C8B-49FC-A5F6-7A04715F0BF7}"
EndProject
Global
	GlobalSection(SolutionConfigurationPlatforms) = preSolution
		Debug|Any CPU = Debug|Any CPU
		Release|Any CPU = Release|Any CPU
	EndGlobalSection
	GlobalSection(ProjectConfigurationPlatforms) = postSolution
		{54C2EF3C-4A29-4C75-800A-40FD54546705}.Debug|Any CPU.ActiveCfg = Debug|Any CPU
		{54C2EF3C-4A29-4C75-800A-40FD54546705}.Debug|Any CPU.Build.0 = Debug|Any CPU
		{54C2EF3C-4A29-4C75-800A-40FD54546705}.Release|Any CPU.ActiveCfg = Release|Any CPU
		{54C2EF3C-4A29-4C75-800A-40FD54546705}.Release|Any CPU.Build.0 = Release|Any CPU
		{29D69AA9-11B8-480D-9675-C36B492C1406}.Debug|Any CPU.ActiveCfg = Debug|Any CPU
		{29D69AA9-11B8-480D-9675-C36B492C1406}.Debug|Any CPU.Build.0 = Debug|Any CPU
		{29D69AA9-11B8-480D-9675-C36B492C1406}.Release|Any CPU.ActiveCfg = Release|Any CPU
		{29D69AA9-11B8-480D-9675-C36B492C1406}.Release|Any CPU.Build.0 = Release|Any CPU
		{BA2DE923-F0AB-4E56-B7A1-F7808DFB18AB}.Debug|Any CPU.ActiveCfg = Debug|Any CPU
		{BA2DE923-F0AB-4E56-B7A1-F7808DFB18AB}.Debug|Any CPU.Build.0 = Debug|Any CPU
		{BA2DE923-F0AB-4E56-B7A1-F7808DFB18AB}.Release|Any CPU.ActiveCfg = Release|Any CPU
		{BA2DE923-F0AB-4E56-B7A1-F7808DFB18AB}.Release|Any CPU.Build.0 = Release|Any CPU
		{8B7987C7-4584-4DD6-99BA-992882DC5A1E}.Debug|Any CPU.ActiveCfg = Debug|Any CPU
		{8B7987C7-4584-4DD6-99BA-992882DC5A1E}.Debug|Any CPU.Build.0 = Debug|Any CPU
		{8B7987C7-4584-4DD6-99BA-992882DC5A1E}.Release|Any CPU.ActiveCfg = Release|Any CPU
		{8B7987C7-4584-4DD6-99BA-992882DC5A1E}.Release|Any CPU.Build.0 = Release|Any CPU
		{5C1431E5-2773-485B-B140-2F7FDCAAF835}.Debug|Any CPU.ActiveCfg = Debug|Any CPU
		{5C1431E5-2773-485B-B140-2F7FDCAAF835}.Debug|Any CPU.Build.0 = Debug|Any CPU
		{5C1431E5-2773-485B-B140-2F7FDCAAF835}.Release|Any CPU.ActiveCfg = Release|Any CPU
		{5C1431E5-2773-485B-B140-2F7FDCAAF835}.Release|Any CPU.Build.0 = Release|Any CPU
		{0B341991-FD32-483E-BC8D-5BD28CE7FE6A}.Debug|Any CPU.ActiveCfg = Debug|Any CPU
		{0B341991-FD32-483E-BC8D-5BD28CE7FE6A}.Debug|Any CPU.Build.0 = Debug|Any CPU
		{0B341991-FD32-483E-BC8D-5BD28CE7FE6A}.Release|Any CPU.ActiveCfg = Release|Any CPU
		{0B341991-FD32-483E-BC8D-5BD28CE7FE6A}.Release|Any CPU.Build.0 = Release|Any CPU
		{504973D2-EC90-4434-BF91-B9E302A20AEB}.Debug|Any CPU.ActiveCfg = Debug|Any CPU
		{504973D2-EC90-4434-BF91-B9E302A20AEB}.Debug|Any CPU.Build.0 = Debug|Any CPU
		{504973D2-EC90-4434-BF91-B9E302A20AEB}.Release|Any CPU.ActiveCfg = Release|Any CPU
		{504973D2-EC90-4434-BF91-B9E302A20AEB}.Release|Any CPU.Build.0 = Release|Any CPU
		{94C4AEAD-E11D-404D-B649-146687779572}.Debug|Any CPU.ActiveCfg = Debug|Any CPU
		{94C4AEAD-E11D-404D-B649-146687779572}.Debug|Any CPU.Build.0 = Debug|Any CPU
		{94C4AEAD-E11D-404D-B649-146687779572}.Release|Any CPU.ActiveCfg = Release|Any CPU
		{94C4AEAD-E11D-404D-B649-146687779572}.Release|Any CPU.Build.0 = Release|Any CPU
		{1BFC872C-2C8B-49FC-A5F6-7A04715F0BF7}.Debug|Any CPU.ActiveCfg = Debug|Any CPU
		{1BFC872C-2C8B-49FC-A5F6-7A04715F0BF7}.Debug|Any CPU.Build.0 = Debug|Any CPU
		{1BFC872C-2C8B-49FC-A5F6-7A04715F0BF7}.Release|Any CPU.ActiveCfg = Release|Any CPU
		{1BFC872C-2C8B-49FC-A5F6-7A04715F0BF7}.Release|Any CPU.Build.0 = Release|Any CPU
	EndGlobalSection
	GlobalSection(SolutionProperties) = preSolution
		HideSolutionNode = FALSE
	EndGlobalSection
	GlobalSection(ExtensibilityGlobals) = postSolution
		SolutionGuid = {66E97798-32CD-45C8-B1F8-8995BAFC925E}
	EndGlobalSection
EndGlobal
